// !$*UTF8*$!
{
	archiveVersion = 1;
	classes = {
	};
	objectVersion = 77;
	objects = {

/* Begin PBXBuildFile section */
		7120374A6D9121527B2B7E8F /* Pods_PoseCoach.framework in Frameworks */ = {isa = PBXBuildFile; fileRef = 02C2E5E86F3BD9DC9B7B42D2 /* Pods_PoseCoach.framework */; };
		7E54540E2EBB675B00D8FEEE /* pose_landmarker_lite.task in Resources */ = {isa = PBXBuildFile; fileRef = 7E54540D2EBB675B00D8FEEE /* pose_landmarker_lite.task */; };
		7E54540F2EBB675B00D8FEEE /* pose_landmarker_lite.task in Resources */ = {isa = PBXBuildFile; fileRef = 7E54540D2EBB675B00D8FEEE /* pose_landmarker_lite.task */; };
		7E5454102EBB675B00D8FEEE /* pose_landmarker_lite.task in Resources */ = {isa = PBXBuildFile; fileRef = 7E54540D2EBB675B00D8FEEE /* pose_landmarker_lite.task */; };
		7E54A5232EBFF67900FE8611 /* pose_landmarker_full.task in Resources */ = {isa = PBXBuildFile; fileRef = 7E54A5222EBFF67900FE8611 /* pose_landmarker_full.task */; };
		7E54A5242EBFF67900FE8611 /* pose_landmarker_full.task in Resources */ = {isa = PBXBuildFile; fileRef = 7E54A5222EBFF67900FE8611 /* pose_landmarker_full.task */; };
		7E54A5252EBFF67900FE8611 /* pose_landmarker_full.task in Resources */ = {isa = PBXBuildFile; fileRef = 7E54A5222EBFF67900FE8611 /* pose_landmarker_full.task */; };
		7E81763C2EBFECD7008EF28D /* pose_landmarker_heavy.task in Resources */ = {isa = PBXBuildFile; fileRef = 7E81763B2EBFECD7008EF28D /* pose_landmarker_heavy.task */; };
		7E81763D2EBFECD7008EF28D /* pose_landmarker_heavy.task in Resources */ = {isa = PBXBuildFile; fileRef = 7E81763B2EBFECD7008EF28D /* pose_landmarker_heavy.task */; };
		7E81763E2EBFECD7008EF28D /* pose_landmarker_heavy.task in Resources */ = {isa = PBXBuildFile; fileRef = 7E81763B2EBFECD7008EF28D /* pose_landmarker_heavy.task */; };
/* End PBXBuildFile section */

/* Begin PBXContainerItemProxy section */
		7E15317E2EBB600F0070DE01 /* PBXContainerItemProxy */ = {
			isa = PBXContainerItemProxy;
			containerPortal = 7E1531662EBB600E0070DE01 /* Project object */;
			proxyType = 1;
			remoteGlobalIDString = 7E15316D2EBB600E0070DE01;
			remoteInfo = PoseCoach;
		};
		7E1531882EBB600F0070DE01 /* PBXContainerItemProxy */ = {
			isa = PBXContainerItemProxy;
			containerPortal = 7E1531662EBB600E0070DE01 /* Project object */;
			proxyType = 1;
			remoteGlobalIDString = 7E15316D2EBB600E0070DE01;
			remoteInfo = PoseCoach;
		};
/* End PBXContainerItemProxy section */

/* Begin PBXFileReference section */
		02C2E5E86F3BD9DC9B7B42D2 /* Pods_PoseCoach.framework */ = {isa = PBXFileReference; explicitFileType = wrapper.framework; includeInIndex = 0; path = Pods_PoseCoach.framework; sourceTree = BUILT_PRODUCTS_DIR; };
		7E15316E2EBB600E0070DE01 /* PoseCoach.app */ = {isa = PBXFileReference; explicitFileType = wrapper.application; includeInIndex = 0; path = PoseCoach.app; sourceTree = BUILT_PRODUCTS_DIR; };
		7E15317D2EBB600F0070DE01 /* PoseCoachTests.xctest */ = {isa = PBXFileReference; explicitFileType = wrapper.cfbundle; includeInIndex = 0; path = PoseCoachTests.xctest; sourceTree = BUILT_PRODUCTS_DIR; };
		7E1531872EBB600F0070DE01 /* PoseCoachUITests.xctest */ = {isa = PBXFileReference; explicitFileType = wrapper.cfbundle; includeInIndex = 0; path = PoseCoachUITests.xctest; sourceTree = BUILT_PRODUCTS_DIR; };
		7E54540D2EBB675B00D8FEEE /* pose_landmarker_lite.task */ = {isa = PBXFileReference; lastKnownFileType = file; path = pose_landmarker_lite.task; sourceTree = "<group>"; };
		7E54A5222EBFF67900FE8611 /* pose_landmarker_full.task */ = {isa = PBXFileReference; lastKnownFileType = file; path = pose_landmarker_full.task; sourceTree = "<group>"; };
		7E81763B2EBFECD7008EF28D /* pose_landmarker_heavy.task */ = {isa = PBXFileReference; lastKnownFileType = file; path = pose_landmarker_heavy.task; sourceTree = "<group>"; };
		8ECA87ED1F8000FB5C29E884 /* Pods-PoseCoach.release.xcconfig */ = {isa = PBXFileReference; includeInIndex = 1; lastKnownFileType = text.xcconfig; name = "Pods-PoseCoach.release.xcconfig"; path = "Target Support Files/Pods-PoseCoach/Pods-PoseCoach.release.xcconfig"; sourceTree = "<group>"; };
		F4B5B21D598A095598A5405F /* Pods-PoseCoach.debug.xcconfig */ = {isa = PBXFileReference; includeInIndex = 1; lastKnownFileType = text.xcconfig; name = "Pods-PoseCoach.debug.xcconfig"; path = "Target Support Files/Pods-PoseCoach/Pods-PoseCoach.debug.xcconfig"; sourceTree = "<group>"; };
/* End PBXFileReference section */

/* Begin PBXFileSystemSynchronizedRootGroup section */
		7E1531702EBB600E0070DE01 /* PoseCoach */ = {
			isa = PBXFileSystemSynchronizedRootGroup;
			path = PoseCoach;
			sourceTree = "<group>";
		};
		7E1531802EBB600F0070DE01 /* PoseCoachTests */ = {
			isa = PBXFileSystemSynchronizedRootGroup;
			path = PoseCoachTests;
			sourceTree = "<group>";
		};
		7E15318A2EBB600F0070DE01 /* PoseCoachUITests */ = {
			isa = PBXFileSystemSynchronizedRootGroup;
			path = PoseCoachUITests;
			sourceTree = "<group>";
		};
/* End PBXFileSystemSynchronizedRootGroup section */

/* Begin PBXFrameworksBuildPhase section */
		7E15316B2EBB600E0070DE01 /* Frameworks */ = {
			isa = PBXFrameworksBuildPhase;
			buildActionMask = 2147483647;
			files = (
				7120374A6D9121527B2B7E8F /* Pods_PoseCoach.framework in Frameworks */,
			);
			runOnlyForDeploymentPostprocessing = 0;
		};
		7E15317A2EBB600F0070DE01 /* Frameworks */ = {
			isa = PBXFrameworksBuildPhase;
			buildActionMask = 2147483647;
			files = (
			);
			runOnlyForDeploymentPostprocessing = 0;
		};
		7E1531842EBB600F0070DE01 /* Frameworks */ = {
			isa = PBXFrameworksBuildPhase;
			buildActionMask = 2147483647;
			files = (
			);
			runOnlyForDeploymentPostprocessing = 0;
		};
/* End PBXFrameworksBuildPhase section */

/* Begin PBXGroup section */
		50B3636C93D23CB04B669338 /* Pods */ = {
			isa = PBXGroup;
			children = (
				F4B5B21D598A095598A5405F /* Pods-PoseCoach.debug.xcconfig */,
				8ECA87ED1F8000FB5C29E884 /* Pods-PoseCoach.release.xcconfig */,
			);
			path = Pods;
			sourceTree = "<group>";
		};
		7E1531652EBB600E0070DE01 = {
			isa = PBXGroup;
			children = (
				7E54A5222EBFF67900FE8611 /* pose_landmarker_full.task */,
				7E81763B2EBFECD7008EF28D /* pose_landmarker_heavy.task */,
				7E54540D2EBB675B00D8FEEE /* pose_landmarker_lite.task */,
				7E1531702EBB600E0070DE01 /* PoseCoach */,
				7E1531802EBB600F0070DE01 /* PoseCoachTests */,
				7E15318A2EBB600F0070DE01 /* PoseCoachUITests */,
				7E15316F2EBB600E0070DE01 /* Products */,
				50B3636C93D23CB04B669338 /* Pods */,
				D79109BE886D4B07FD468F33 /* Frameworks */,
			);
			sourceTree = "<group>";
		};
		7E15316F2EBB600E0070DE01 /* Products */ = {
			isa = PBXGroup;
			children = (
				7E15316E2EBB600E0070DE01 /* PoseCoach.app */,
				7E15317D2EBB600F0070DE01 /* PoseCoachTests.xctest */,
				7E1531872EBB600F0070DE01 /* PoseCoachUITests.xctest */,
			);
			name = Products;
			sourceTree = "<group>";
		};
		D79109BE886D4B07FD468F33 /* Frameworks */ = {
			isa = PBXGroup;
			children = (
				02C2E5E86F3BD9DC9B7B42D2 /* Pods_PoseCoach.framework */,
			);
			name = Frameworks;
			sourceTree = "<group>";
		};
/* End PBXGroup section */

/* Begin PBXNativeTarget section */
		7E15316D2EBB600E0070DE01 /* PoseCoach */ = {
			isa = PBXNativeTarget;
			buildConfigurationList = 7E1531912EBB600F0070DE01 /* Build configuration list for PBXNativeTarget "PoseCoach" */;
			buildPhases = (
				A88471F7F0CC8974E9DA0A85 /* [CP] Check Pods Manifest.lock */,
				7E15316A2EBB600E0070DE01 /* Sources */,
				7E15316B2EBB600E0070DE01 /* Frameworks */,
				7E15316C2EBB600E0070DE01 /* Resources */,
			);
			buildRules = (
			);
			dependencies = (
			);
			fileSystemSynchronizedGroups = (
				7E1531702EBB600E0070DE01 /* PoseCoach */,
			);
			name = PoseCoach;
			productName = PoseCoach;
			productReference = 7E15316E2EBB600E0070DE01 /* PoseCoach.app */;
			productType = "com.apple.product-type.application";
		};
		7E15317C2EBB600F0070DE01 /* PoseCoachTests */ = {
			isa = PBXNativeTarget;
			buildConfigurationList = 7E1531942EBB600F0070DE01 /* Build configuration list for PBXNativeTarget "PoseCoachTests" */;
			buildPhases = (
				7E1531792EBB600F0070DE01 /* Sources */,
				7E15317A2EBB600F0070DE01 /* Frameworks */,
				7E15317B2EBB600F0070DE01 /* Resources */,
			);
			buildRules = (
			);
			dependencies = (
				7E15317F2EBB600F0070DE01 /* PBXTargetDependency */,
			);
			fileSystemSynchronizedGroups = (
				7E1531802EBB600F0070DE01 /* PoseCoachTests */,
			);
			name = PoseCoachTests;
			productName = PoseCoachTests;
			productReference = 7E15317D2EBB600F0070DE01 /* PoseCoachTests.xctest */;
			productType = "com.apple.product-type.bundle.unit-test";
		};
		7E1531862EBB600F0070DE01 /* PoseCoachUITests */ = {
			isa = PBXNativeTarget;
			buildConfigurationList = 7E1531972EBB600F0070DE01 /* Build configuration list for PBXNativeTarget "PoseCoachUITests" */;
			buildPhases = (
				7E1531832EBB600F0070DE01 /* Sources */,
				7E1531842EBB600F0070DE01 /* Frameworks */,
				7E1531852EBB600F0070DE01 /* Resources */,
			);
			buildRules = (
			);
			dependencies = (
				7E1531892EBB600F0070DE01 /* PBXTargetDependency */,
			);
			fileSystemSynchronizedGroups = (
				7E15318A2EBB600F0070DE01 /* PoseCoachUITests */,
			);
			name = PoseCoachUITests;
			productName = PoseCoachUITests;
			productReference = 7E1531872EBB600F0070DE01 /* PoseCoachUITests.xctest */;
			productType = "com.apple.product-type.bundle.ui-testing";
		};
/* End PBXNativeTarget section */

/* Begin PBXProject section */
		7E1531662EBB600E0070DE01 /* Project object */ = {
			isa = PBXProject;
			attributes = {
				BuildIndependentTargetsInParallel = 1;
				LastSwiftUpdateCheck = 2610;
				LastUpgradeCheck = 2610;
				TargetAttributes = {
					7E15316D2EBB600E0070DE01 = {
						CreatedOnToolsVersion = 26.1;
					};
					7E15317C2EBB600F0070DE01 = {
						CreatedOnToolsVersion = 26.1;
						TestTargetID = 7E15316D2EBB600E0070DE01;
					};
					7E1531862EBB600F0070DE01 = {
						CreatedOnToolsVersion = 26.1;
						TestTargetID = 7E15316D2EBB600E0070DE01;
					};
				};
			};
			buildConfigurationList = 7E1531692EBB600E0070DE01 /* Build configuration list for PBXProject "PoseCoach" */;
			developmentRegion = en;
			hasScannedForEncodings = 0;
			knownRegions = (
				en,
				Base,
			);
			mainGroup = 7E1531652EBB600E0070DE01;
			minimizedProjectReferenceProxies = 1;
			preferredProjectObjectVersion = 77;
			productRefGroup = 7E15316F2EBB600E0070DE01 /* Products */;
			projectDirPath = "";
			projectRoot = "";
			targets = (
				7E15316D2EBB600E0070DE01 /* PoseCoach */,
				7E15317C2EBB600F0070DE01 /* PoseCoachTests */,
				7E1531862EBB600F0070DE01 /* PoseCoachUITests */,
			);
		};
/* End PBXProject section */

/* Begin PBXResourcesBuildPhase section */
		7E15316C2EBB600E0070DE01 /* Resources */ = {
			isa = PBXResourcesBuildPhase;
			buildActionMask = 2147483647;
			files = (
				7E81763C2EBFECD7008EF28D /* pose_landmarker_heavy.task in Resources */,
				7E5454102EBB675B00D8FEEE /* pose_landmarker_lite.task in Resources */,
				7E54A5242EBFF67900FE8611 /* pose_landmarker_full.task in Resources */,
			);
			runOnlyForDeploymentPostprocessing = 0;
		};
		7E15317B2EBB600F0070DE01 /* Resources */ = {
			isa = PBXResourcesBuildPhase;
			buildActionMask = 2147483647;
			files = (
				7E81763D2EBFECD7008EF28D /* pose_landmarker_heavy.task in Resources */,
				7E54A5252EBFF67900FE8611 /* pose_landmarker_full.task in Resources */,
				7E54540E2EBB675B00D8FEEE /* pose_landmarker_lite.task in Resources */,
			);
			runOnlyForDeploymentPostprocessing = 0;
		};
		7E1531852EBB600F0070DE01 /* Resources */ = {
			isa = PBXResourcesBuildPhase;
			buildActionMask = 2147483647;
			files = (
				7E81763E2EBFECD7008EF28D /* pose_landmarker_heavy.task in Resources */,
				7E54A5232EBFF67900FE8611 /* pose_landmarker_full.task in Resources */,
				7E54540F2EBB675B00D8FEEE /* pose_landmarker_lite.task in Resources */,
			);
			runOnlyForDeploymentPostprocessing = 0;
		};
/* End PBXResourcesBuildPhase section */

/* Begin PBXShellScriptBuildPhase section */
		A88471F7F0CC8974E9DA0A85 /* [CP] Check Pods Manifest.lock */ = {
			isa = PBXShellScriptBuildPhase;
			buildActionMask = 2147483647;
			files = (
			);
			inputFileListPaths = (
			);
			inputPaths = (
				"${PODS_PODFILE_DIR_PATH}/Podfile.lock",
				"${PODS_ROOT}/Manifest.lock",
			);
			name = "[CP] Check Pods Manifest.lock";
			outputFileListPaths = (
			);
			outputPaths = (
				"$(DERIVED_FILE_DIR)/Pods-PoseCoach-checkManifestLockResult.txt",
			);
			runOnlyForDeploymentPostprocessing = 0;
			shellPath = /bin/sh;
			shellScript = "diff \"${PODS_PODFILE_DIR_PATH}/Podfile.lock\" \"${PODS_ROOT}/Manifest.lock\" > /dev/null\nif [ $? != 0 ] ; then\n    # print error to STDERR\n    echo \"error: The sandbox is not in sync with the Podfile.lock. Run 'pod install' or update your CocoaPods installation.\" >&2\n    exit 1\nfi\n# This output is used by Xcode 'outputs' to avoid re-running this script phase.\necho \"SUCCESS\" > \"${SCRIPT_OUTPUT_FILE_0}\"\n";
			showEnvVarsInLog = 0;
		};
/* End PBXShellScriptBuildPhase section */

/* Begin PBXSourcesBuildPhase section */
		7E15316A2EBB600E0070DE01 /* Sources */ = {
			isa = PBXSourcesBuildPhase;
			buildActionMask = 2147483647;
			files = (
			);
			runOnlyForDeploymentPostprocessing = 0;
		};
		7E1531792EBB600F0070DE01 /* Sources */ = {
			isa = PBXSourcesBuildPhase;
			buildActionMask = 2147483647;
			files = (
			);
			runOnlyForDeploymentPostprocessing = 0;
		};
		7E1531832EBB600F0070DE01 /* Sources */ = {
			isa = PBXSourcesBuildPhase;
			buildActionMask = 2147483647;
			files = (
			);
			runOnlyForDeploymentPostprocessing = 0;
		};
/* End PBXSourcesBuildPhase section */

/* Begin PBXTargetDependency section */
		7E15317F2EBB600F0070DE01 /* PBXTargetDependency */ = {
			isa = PBXTargetDependency;
			target = 7E15316D2EBB600E0070DE01 /* PoseCoach */;
			targetProxy = 7E15317E2EBB600F0070DE01 /* PBXContainerItemProxy */;
		};
		7E1531892EBB600F0070DE01 /* PBXTargetDependency */ = {
			isa = PBXTargetDependency;
			target = 7E15316D2EBB600E0070DE01 /* PoseCoach */;
			targetProxy = 7E1531882EBB600F0070DE01 /* PBXContainerItemProxy */;
		};
/* End PBXTargetDependency section */

/* Begin XCBuildConfiguration section */
		7E15318F2EBB600F0070DE01 /* Debug */ = {
			isa = XCBuildConfiguration;
			baseConfigurationReference = F4B5B21D598A095598A5405F /* Pods-PoseCoach.debug.xcconfig */;
			buildSettings = {
				ALWAYS_SEARCH_USER_PATHS = NO;
				ASSETCATALOG_COMPILER_GENERATE_SWIFT_ASSET_SYMBOL_EXTENSIONS = YES;
				CLANG_ANALYZER_NONNULL = YES;
				CLANG_ANALYZER_NUMBER_OBJECT_CONVERSION = YES_AGGRESSIVE;
				CLANG_CXX_LANGUAGE_STANDARD = "gnu++20";
				CLANG_ENABLE_MODULES = YES;
				CLANG_ENABLE_OBJC_ARC = YES;
				CLANG_ENABLE_OBJC_WEAK = YES;
				CLANG_WARN_BLOCK_CAPTURE_AUTORELEASING = YES;
				CLANG_WARN_BOOL_CONVERSION = YES;
				CLANG_WARN_COMMA = YES;
				CLANG_WARN_CONSTANT_CONVERSION = YES;
				CLANG_WARN_DEPRECATED_OBJC_IMPLEMENTATIONS = YES;
				CLANG_WARN_DIRECT_OBJC_ISA_USAGE = YES_ERROR;
				CLANG_WARN_DOCUMENTATION_COMMENTS = YES;
				CLANG_WARN_EMPTY_BODY = YES;
				CLANG_WARN_ENUM_CONVERSION = YES;
				CLANG_WARN_INFINITE_RECURSION = YES;
				CLANG_WARN_INT_CONVERSION = YES;
				CLANG_WARN_NON_LITERAL_NULL_CONVERSION = YES;
				CLANG_WARN_OBJC_IMPLICIT_RETAIN_SELF = YES;
				CLANG_WARN_OBJC_LITERAL_CONVERSION = YES;
				CLANG_WARN_OBJC_ROOT_CLASS = YES_ERROR;
				CLANG_WARN_QUOTED_INCLUDE_IN_FRAMEWORK_HEADER = YES;
				CLANG_WARN_RANGE_LOOP_ANALYSIS = YES;
				CLANG_WARN_STRICT_PROTOTYPES = YES;
				CLANG_WARN_SUSPICIOUS_MOVE = YES;
				CLANG_WARN_UNGUARDED_AVAILABILITY = YES_AGGRESSIVE;
				CLANG_WARN_UNREACHABLE_CODE = YES;
				CLANG_WARN__DUPLICATE_METHOD_MATCH = YES;
				COPY_PHASE_STRIP = NO;
				DEBUG_INFORMATION_FORMAT = dwarf;
				DEVELOPMENT_TEAM = JJ36HN239D;
				ENABLE_STRICT_OBJC_MSGSEND = YES;
				ENABLE_TESTABILITY = YES;
				ENABLE_USER_SCRIPT_SANDBOXING = YES;
				GCC_C_LANGUAGE_STANDARD = gnu17;
				GCC_DYNAMIC_NO_PIC = NO;
				GCC_NO_COMMON_BLOCKS = YES;
				GCC_OPTIMIZATION_LEVEL = 0;
				GCC_PREPROCESSOR_DEFINITIONS = (
					"DEBUG=1",
					"$(inherited)",
				);
				GCC_WARN_64_TO_32_BIT_CONVERSION = YES;
				GCC_WARN_ABOUT_RETURN_TYPE = YES_ERROR;
				GCC_WARN_UNDECLARED_SELECTOR = YES;
				GCC_WARN_UNINITIALIZED_AUTOS = YES_AGGRESSIVE;
				GCC_WARN_UNUSED_FUNCTION = YES;
				GCC_WARN_UNUSED_VARIABLE = YES;
				IPHONEOS_DEPLOYMENT_TARGET = 26.1;
				LOCALIZATION_PREFERS_STRING_CATALOGS = YES;
				MTL_ENABLE_DEBUG_INFO = INCLUDE_SOURCE;
				MTL_FAST_MATH = YES;
				ONLY_ACTIVE_ARCH = YES;
				SDKROOT = iphoneos;
				SWIFT_ACTIVE_COMPILATION_CONDITIONS = "DEBUG $(inherited)";
				SWIFT_OPTIMIZATION_LEVEL = "-Onone";
			};
			name = Debug;
		};
		7E1531902EBB600F0070DE01 /* Release */ = {
			isa = XCBuildConfiguration;
			baseConfigurationReference = 8ECA87ED1F8000FB5C29E884 /* Pods-PoseCoach.release.xcconfig */;
			buildSettings = {
				ALWAYS_SEARCH_USER_PATHS = NO;
				ASSETCATALOG_COMPILER_GENERATE_SWIFT_ASSET_SYMBOL_EXTENSIONS = YES;
				CLANG_ANALYZER_NONNULL = YES;
				CLANG_ANALYZER_NUMBER_OBJECT_CONVERSION = YES_AGGRESSIVE;
				CLANG_CXX_LANGUAGE_STANDARD = "gnu++20";
				CLANG_ENABLE_MODULES = YES;
				CLANG_ENABLE_OBJC_ARC = YES;
				CLANG_ENABLE_OBJC_WEAK = YES;
				CLANG_WARN_BLOCK_CAPTURE_AUTORELEASING = YES;
				CLANG_WARN_BOOL_CONVERSION = YES;
				CLANG_WARN_COMMA = YES;
				CLANG_WARN_CONSTANT_CONVERSION = YES;
				CLANG_WARN_DEPRECATED_OBJC_IMPLEMENTATIONS = YES;
				CLANG_WARN_DIRECT_OBJC_ISA_USAGE = YES_ERROR;
				CLANG_WARN_DOCUMENTATION_COMMENTS = YES;
				CLANG_WARN_EMPTY_BODY = YES;
				CLANG_WARN_ENUM_CONVERSION = YES;
				CLANG_WARN_INFINITE_RECURSION = YES;
				CLANG_WARN_INT_CONVERSION = YES;
				CLANG_WARN_NON_LITERAL_NULL_CONVERSION = YES;
				CLANG_WARN_OBJC_IMPLICIT_RETAIN_SELF = YES;
				CLANG_WARN_OBJC_LITERAL_CONVERSION = YES;
				CLANG_WARN_OBJC_ROOT_CLASS = YES_ERROR;
				CLANG_WARN_QUOTED_INCLUDE_IN_FRAMEWORK_HEADER = YES;
				CLANG_WARN_RANGE_LOOP_ANALYSIS = YES;
				CLANG_WARN_STRICT_PROTOTYPES = YES;
				CLANG_WARN_SUSPICIOUS_MOVE = YES;
				CLANG_WARN_UNGUARDED_AVAILABILITY = YES_AGGRESSIVE;
				CLANG_WARN_UNREACHABLE_CODE = YES;
				CLANG_WARN__DUPLICATE_METHOD_MATCH = YES;
				COPY_PHASE_STRIP = NO;
				DEBUG_INFORMATION_FORMAT = "dwarf-with-dsym";
				DEVELOPMENT_TEAM = JJ36HN239D;
				ENABLE_NS_ASSERTIONS = NO;
				ENABLE_STRICT_OBJC_MSGSEND = YES;
				ENABLE_USER_SCRIPT_SANDBOXING = YES;
				GCC_C_LANGUAGE_STANDARD = gnu17;
				GCC_NO_COMMON_BLOCKS = YES;
				GCC_WARN_64_TO_32_BIT_CONVERSION = YES;
				GCC_WARN_ABOUT_RETURN_TYPE = YES_ERROR;
				GCC_WARN_UNDECLARED_SELECTOR = YES;
				GCC_WARN_UNINITIALIZED_AUTOS = YES_AGGRESSIVE;
				GCC_WARN_UNUSED_FUNCTION = YES;
				GCC_WARN_UNUSED_VARIABLE = YES;
				IPHONEOS_DEPLOYMENT_TARGET = 26.1;
				LOCALIZATION_PREFERS_STRING_CATALOGS = YES;
				MTL_ENABLE_DEBUG_INFO = NO;
				MTL_FAST_MATH = YES;
				SDKROOT = iphoneos;
				SWIFT_COMPILATION_MODE = wholemodule;
				VALIDATE_PRODUCT = YES;
			};
			name = Release;
		};
		7E1531922EBB600F0070DE01 /* Debug */ = {
			isa = XCBuildConfiguration;
			baseConfigurationReference = F4B5B21D598A095598A5405F /* Pods-PoseCoach.debug.xcconfig */;
			buildSettings = {
				ASSETCATALOG_COMPILER_APPICON_NAME = AppIcon;
				ASSETCATALOG_COMPILER_GLOBAL_ACCENT_COLOR_NAME = AccentColor;
				CODE_SIGN_STYLE = Automatic;
				CURRENT_PROJECT_VERSION = 1;
				DEVELOPMENT_TEAM = JJ36HN239D;
				ENABLE_PREVIEWS = YES;
				GENERATE_INFOPLIST_FILE = YES;
				INFOPLIST_KEY_NSCameraUsageDescription = "Pose analysis needs the camera";
				INFOPLIST_KEY_UIApplicationSceneManifest_Generation = YES;
				INFOPLIST_KEY_UIApplicationSupportsIndirectInputEvents = YES;
				INFOPLIST_KEY_UILaunchScreen_Generation = YES;
				INFOPLIST_KEY_UISupportedInterfaceOrientations_iPad = "UIInterfaceOrientationPortrait UIInterfaceOrientationPortraitUpsideDown UIInterfaceOrientationLandscapeLeft UIInterfaceOrientationLandscapeRight";
				INFOPLIST_KEY_UISupportedInterfaceOrientations_iPhone = "UIInterfaceOrientationPortrait UIInterfaceOrientationLandscapeLeft UIInterfaceOrientationLandscapeRight";
				LD_RUNPATH_SEARCH_PATHS = (
					"$(inherited)",
					"@executable_path/Frameworks",
				);
				MARKETING_VERSION = 1.0;
				PRODUCT_BUNDLE_IDENTIFIER = BGUProject.PoseCoach;
				PRODUCT_NAME = "$(TARGET_NAME)";
				STRING_CATALOG_GENERATE_SYMBOLS = YES;
				SWIFT_APPROACHABLE_CONCURRENCY = YES;
				SWIFT_DEFAULT_ACTOR_ISOLATION = MainActor;
				SWIFT_EMIT_LOC_STRINGS = YES;
				SWIFT_UPCOMING_FEATURE_MEMBER_IMPORT_VISIBILITY = YES;
				SWIFT_VERSION = 5.0;
				TARGETED_DEVICE_FAMILY = "1,2";
			};
			name = Debug;
		};
		7E1531932EBB600F0070DE01 /* Release */ = {
			isa = XCBuildConfiguration;
			baseConfigurationReference = 8ECA87ED1F8000FB5C29E884 /* Pods-PoseCoach.release.xcconfig */;
			buildSettings = {
				ASSETCATALOG_COMPILER_APPICON_NAME = AppIcon;
				ASSETCATALOG_COMPILER_GLOBAL_ACCENT_COLOR_NAME = AccentColor;
				CODE_SIGN_STYLE = Automatic;
				CURRENT_PROJECT_VERSION = 1;
				DEVELOPMENT_TEAM = JJ36HN239D;
				ENABLE_PREVIEWS = YES;
				GENERATE_INFOPLIST_FILE = YES;
				INFOPLIST_KEY_NSCameraUsageDescription = "Pose analysis needs the camera";
				INFOPLIST_KEY_UIApplicationSceneManifest_Generation = YES;
				INFOPLIST_KEY_UIApplicationSupportsIndirectInputEvents = YES;
				INFOPLIST_KEY_UILaunchScreen_Generation = YES;
				INFOPLIST_KEY_UISupportedInterfaceOrientations_iPad = "UIInterfaceOrientationPortrait UIInterfaceOrientationPortraitUpsideDown UIInterfaceOrientationLandscapeLeft UIInterfaceOrientationLandscapeRight";
				INFOPLIST_KEY_UISupportedInterfaceOrientations_iPhone = "UIInterfaceOrientationPortrait UIInterfaceOrientationLandscapeLeft UIInterfaceOrientationLandscapeRight";
				LD_RUNPATH_SEARCH_PATHS = (
					"$(inherited)",
					"@executable_path/Frameworks",
				);
				MARKETING_VERSION = 1.0;
				PRODUCT_BUNDLE_IDENTIFIER = BGUProject.PoseCoach;
				PRODUCT_NAME = "$(TARGET_NAME)";
				STRING_CATALOG_GENERATE_SYMBOLS = YES;
				SWIFT_APPROACHABLE_CONCURRENCY = YES;
				SWIFT_DEFAULT_ACTOR_ISOLATION = MainActor;
				SWIFT_EMIT_LOC_STRINGS = YES;
				SWIFT_UPCOMING_FEATURE_MEMBER_IMPORT_VISIBILITY = YES;
				SWIFT_VERSION = 5.0;
				TARGETED_DEVICE_FAMILY = "1,2";
			};
			name = Release;
		};
		7E1531952EBB600F0070DE01 /* Debug */ = {
			isa = XCBuildConfiguration;
			buildSettings = {
				BUNDLE_LOADER = "$(TEST_HOST)";
				CODE_SIGN_STYLE = Automatic;
				CURRENT_PROJECT_VERSION = 1;
				DEVELOPMENT_TEAM = JJ36HN239D;
				GENERATE_INFOPLIST_FILE = YES;
				IPHONEOS_DEPLOYMENT_TARGET = 26.1;
				MARKETING_VERSION = 1.0;
				PRODUCT_BUNDLE_IDENTIFIER = BGUProject.PoseCoachTests;
				PRODUCT_NAME = "$(TARGET_NAME)";
				STRING_CATALOG_GENERATE_SYMBOLS = NO;
				SWIFT_APPROACHABLE_CONCURRENCY = YES;
				SWIFT_EMIT_LOC_STRINGS = NO;
				SWIFT_UPCOMING_FEATURE_MEMBER_IMPORT_VISIBILITY = YES;
				SWIFT_VERSION = 5.0;
				TARGETED_DEVICE_FAMILY = "1,2";
				TEST_HOST = "$(BUILT_PRODUCTS_DIR)/PoseCoach.app/$(BUNDLE_EXECUTABLE_FOLDER_PATH)/PoseCoach";
			};
			name = Debug;
		};
		7E1531962EBB600F0070DE01 /* Release */ = {
			isa = XCBuildConfiguration;
			buildSettings = {
				BUNDLE_LOADER = "$(TEST_HOST)";
				CODE_SIGN_STYLE = Automatic;
				CURRENT_PROJECT_VERSION = 1;
				DEVELOPMENT_TEAM = JJ36HN239D;
				GENERATE_INFOPLIST_FILE = YES;
				IPHONEOS_DEPLOYMENT_TARGET = 26.1;
				MARKETING_VERSION = 1.0;
				PRODUCT_BUNDLE_IDENTIFIER = BGUProject.PoseCoachTests;
				PRODUCT_NAME = "$(TARGET_NAME)";
				STRING_CATALOG_GENERATE_SYMBOLS = NO;
				SWIFT_APPROACHABLE_CONCURRENCY = YES;
				SWIFT_EMIT_LOC_STRINGS = NO;
				SWIFT_UPCOMING_FEATURE_MEMBER_IMPORT_VISIBILITY = YES;
				SWIFT_VERSION = 5.0;
				TARGETED_DEVICE_FAMILY = "1,2";
				TEST_HOST = "$(BUILT_PRODUCTS_DIR)/PoseCoach.app/$(BUNDLE_EXECUTABLE_FOLDER_PATH)/PoseCoach";
			};
			name = Release;
		};
		7E1531982EBB600F0070DE01 /* Debug */ = {
			isa = XCBuildConfiguration;
			buildSettings = {
				CODE_SIGN_STYLE = Automatic;
				CURRENT_PROJECT_VERSION = 1;
				DEVELOPMENT_TEAM = JJ36HN239D;
				GENERATE_INFOPLIST_FILE = YES;
				MARKETING_VERSION = 1.0;
				PRODUCT_BUNDLE_IDENTIFIER = BGUProject.PoseCoachUITests;
				PRODUCT_NAME = "$(TARGET_NAME)";
				STRING_CATALOG_GENERATE_SYMBOLS = NO;
				SWIFT_APPROACHABLE_CONCURRENCY = YES;
				SWIFT_EMIT_LOC_STRINGS = NO;
				SWIFT_UPCOMING_FEATURE_MEMBER_IMPORT_VISIBILITY = YES;
				SWIFT_VERSION = 5.0;
				TARGETED_DEVICE_FAMILY = "1,2";
				TEST_TARGET_NAME = PoseCoach;
			};
			name = Debug;
		};
		7E1531992EBB600F0070DE01 /* Release */ = {
			isa = XCBuildConfiguration;
			buildSettings = {
				CODE_SIGN_STYLE = Automatic;
				CURRENT_PROJECT_VERSION = 1;
				DEVELOPMENT_TEAM = JJ36HN239D;
				GENERATE_INFOPLIST_FILE = YES;
				MARKETING_VERSION = 1.0;
				PRODUCT_BUNDLE_IDENTIFIER = BGUProject.PoseCoachUITests;
				PRODUCT_NAME = "$(TARGET_NAME)";
				STRING_CATALOG_GENERATE_SYMBOLS = NO;
				SWIFT_APPROACHABLE_CONCURRENCY = YES;
				SWIFT_EMIT_LOC_STRINGS = NO;
				SWIFT_UPCOMING_FEATURE_MEMBER_IMPORT_VISIBILITY = YES;
				SWIFT_VERSION = 5.0;
				TARGETED_DEVICE_FAMILY = "1,2";
				TEST_TARGET_NAME = PoseCoach;
			};
			name = Release;
		};
/* End XCBuildConfiguration section */

/* Begin XCConfigurationList section */
		7E1531692EBB600E0070DE01 /* Build configuration list for PBXProject "PoseCoach" */ = {
			isa = XCConfigurationList;
			buildConfigurations = (
				7E15318F2EBB600F0070DE01 /* Debug */,
				7E1531902EBB600F0070DE01 /* Release */,
			);
			defaultConfigurationIsVisible = 0;
			defaultConfigurationName = Release;
		};
		7E1531912EBB600F0070DE01 /* Build configuration list for PBXNativeTarget "PoseCoach" */ = {
			isa = XCConfigurationList;
			buildConfigurations = (
				7E1531922EBB600F0070DE01 /* Debug */,
				7E1531932EBB600F0070DE01 /* Release */,
			);
			defaultConfigurationIsVisible = 0;
			defaultConfigurationName = Release;
		};
		7E1531942EBB600F0070DE01 /* Build configuration list for PBXNativeTarget "PoseCoachTests" */ = {
			isa = XCConfigurationList;
			buildConfigurations = (
				7E1531952EBB600F0070DE01 /* Debug */,
				7E1531962EBB600F0070DE01 /* Release */,
			);
			defaultConfigurationIsVisible = 0;
			defaultConfigurationName = Release;
		};
		7E1531972EBB600F0070DE01 /* Build configuration list for PBXNativeTarget "PoseCoachUITests" */ = {
			isa = XCConfigurationList;
			buildConfigurations = (
				7E1531982EBB600F0070DE01 /* Debug */,
				7E1531992EBB600F0070DE01 /* Release */,
			);
			defaultConfigurationIsVisible = 0;
			defaultConfigurationName = Release;
		};
/* End XCConfigurationList section */
	};
	rootObject = 7E1531662EBB600E0070DE01 /* Project object */;
}
